
Microsoft Visual Studio Solution File, Format Version 12.00
# Visual Studio Version 17
VisualStudioVersion = 17.10.35122.118
MinimumVisualStudioVersion = 10.0.40219.1
Project("{FAE04EC0-301F-11D3-BF4B-00C04F79EFBC}") = "MyApp", "MyApp\MyApp.csproj", "{A3B6D083-07CB-4E78-8B0F-CF7CD9028403}"
EndProject
Global
	GlobalSection(SolutionConfigurationPlatforms) = preSolution
		Debug|Any CPU = Debug|Any CPU
		Release|Any CPU = Release|Any CPU
	EndGlobalSection
	GlobalSection(ProjectConfigurationPlatforms) = postSolution
		{A3B6D083-07CB-4E78-8B0F-CF7CD9028403}.Debug|Any CPU.ActiveCfg = Debug|Any CPU
		{A3B6D083-07CB-4E78-8B0F-CF7CD9028403}.Debug|Any CPU.Build.0 = Debug|Any CPU
		{A3B6D083-07CB-4E78-8B0F-CF7CD9028403}.Release|Any CPU.ActiveCfg = Release|Any CPU
		{A3B6D083-07CB-4E78-8B0F-CF7CD9028403}.Release|Any CPU.Build.0 = Release|Any CPU
	EndGlobalSection
	GlobalSection(SolutionProperties) = preSolution
		HideSolutionNode = FALSE
	EndGlobalSection
	GlobalSection(ExtensibilityGlobals) = postSolution
		SolutionGuid = {ED3A99A1-E789-4348-95DC-F7A0C949B4A2}
	EndGlobalSection
EndGlobal
