
Microsoft Visual Studio Solution File, Format Version 12.00
# Visual Studio Version 17
VisualStudioVersion = 17.10.35122.118
MinimumVisualStudioVersion = 10.0.40219.1
Project("{FAE04EC0-301F-11D3-BF4B-00C04F79EFBC}") = "AddDLL", "AddDLL\AddDLL.csproj", "{76B36271-9096-48E9-B7E8-14698D65854E}"
EndProject
Global
	GlobalSection(SolutionConfigurationPlatforms) = preSolution
		Debug|Any CPU = Debug|Any CPU
		Release|Any CPU = Release|Any CPU
	EndGlobalSection
	GlobalSection(ProjectConfigurationPlatforms) = postSolution
		{76B36271-9096-48E9-B7E8-14698D65854E}.Debug|Any CPU.ActiveCfg = Debug|Any CPU
		{76B36271-9096-48E9-B7E8-14698D65854E}.Debug|Any CPU.Build.0 = Debug|Any CPU
		{76B36271-9096-48E9-B7E8-14698D65854E}.Release|Any CPU.ActiveCfg = Release|Any CPU
		{76B36271-9096-48E9-B7E8-14698D65854E}.Release|Any CPU.Build.0 = Release|Any CPU
	EndGlobalSection
	GlobalSection(SolutionProperties) = preSolution
		HideSolutionNode = FALSE
	EndGlobalSection
	GlobalSection(ExtensibilityGlobals) = postSolution
		SolutionGuid = {DF6A23A0-3B25-42EF-A907-FC44893F2800}
	EndGlobalSection
EndGlobal
